
Microsoft Visual Studio Solution File, Format Version 12.00
# Visual Studio Version 16
VisualStudioVersion = 16.0.31005.135
MinimumVisualStudioVersion = 10.0.40219.1
Project("{FAE04EC0-301F-11D3-BF4B-00C04F79EFBC}") = "DiscordCacheExtractor", "DiscordCacheExtractor\DiscordCacheExtractor.csproj", "{4B6A1A15-CF42-47B9-9C9D-7042FBD6C637}"
EndProject
Global
	GlobalSection(SolutionConfigurationPlatforms) = preSolution
		Debug|Any CPU = Debug|Any CPU
		Release|Any CPU = Release|Any CPU
	EndGlobalSection
	GlobalSection(ProjectConfigurationPlatforms) = postSolution
		{4B6A1A15-CF42-47B9-9C9D-7042FBD6C637}.Debug|Any CPU.ActiveCfg = Debug|Any CPU
		{4B6A1A15-CF42-47B9-9C9D-7042FBD6C637}.Debug|Any CPU.Build.0 = Debug|Any CPU
		{4B6A1A15-CF42-47B9-9C9D-7042FBD6C637}.Release|Any CPU.ActiveCfg = Release|Any CPU
		{4B6A1A15-CF42-47B9-9C9D-7042FBD6C637}.Release|Any CPU.Build.0 = Release|Any CPU
	EndGlobalSection
	GlobalSection(SolutionProperties) = preSolution
		HideSolutionNode = FALSE
	EndGlobalSection
	GlobalSection(ExtensibilityGlobals) = postSolution
		SolutionGuid = {6A783A7F-6F6A-4390-98DE-3513A60F6CF0}
	EndGlobalSection
EndGlobal
